
Microsoft Visual Studio Solution File, Format Version 12.00
# Visual Studio 15
VisualStudioVersion = 15.0.27428.2037
MinimumVisualStudioVersion = 10.0.40219.1
Project("{FAE04EC0-301F-11D3-BF4B-00C04F79EFBC}") = "ResponseWhen.RestSharp", "ResponseWhen.RestSharp\ResponseWhen.RestSharp.csproj", "{01BE7116-9803-4289-B39D-AD57DEC02BDD}"
EndProject
Project("{FAE04EC0-301F-11D3-BF4B-00C04F79EFBC}") = "ResponseWhen.Test", "ResponseWhen.Test\ResponseWhen.Test.csproj", "{654BC4A8-087F-4700-BE52-1FAD94C58399}"
EndProject
Global
	GlobalSection(SolutionConfigurationPlatforms) = preSolution
		Debug|Any CPU = Debug|Any CPU
		Release|Any CPU = Release|Any CPU
	EndGlobalSection
	GlobalSection(ProjectConfigurationPlatforms) = postSolution
		{01BE7116-9803-4289-B39D-AD57DEC02BDD}.Debug|Any CPU.ActiveCfg = Debug|Any CPU
		{01BE7116-9803-4289-B39D-AD57DEC02BDD}.Debug|Any CPU.Build.0 = Debug|Any CPU
		{01BE7116-9803-4289-B39D-AD57DEC02BDD}.Release|Any CPU.ActiveCfg = Release|Any CPU
		{01BE7116-9803-4289-B39D-AD57DEC02BDD}.Release|Any CPU.Build.0 = Release|Any CPU
		{654BC4A8-087F-4700-BE52-1FAD94C58399}.Debug|Any CPU.ActiveCfg = Debug|Any CPU
		{654BC4A8-087F-4700-BE52-1FAD94C58399}.Debug|Any CPU.Build.0 = Debug|Any CPU
		{654BC4A8-087F-4700-BE52-1FAD94C58399}.Release|Any CPU.ActiveCfg = Release|Any CPU
		{654BC4A8-087F-4700-BE52-1FAD94C58399}.Release|Any CPU.Build.0 = Release|Any CPU
	EndGlobalSection
	GlobalSection(SolutionProperties) = preSolution
		HideSolutionNode = FALSE
	EndGlobalSection
	GlobalSection(ExtensibilityGlobals) = postSolution
		SolutionGuid = {01B6FF3F-71BB-44FB-BE8A-4A4A100FD7D9}
	EndGlobalSection
EndGlobal
