
Microsoft Visual Studio Solution File, Format Version 12.00
# Visual Studio 15
VisualStudioVersion = 15.0.27428.2037
MinimumVisualStudioVersion = 10.0.40219.1
Project("{9A19103F-16F7-4668-BE54-9A1E7A4F7556}") = "WhenResponse.Test", "WhenResponse.Test\WhenResponse.Test.csproj", "{654BC4A8-087F-4700-BE52-1FAD94C58399}"
EndProject
Project("{9A19103F-16F7-4668-BE54-9A1E7A4F7556}") = "WhenResponse.RestSharp.NetCore", "WhenResponse.RestSharp.NetCore\WhenResponse.RestSharp.NetCore.csproj", "{34BB1CD5-E19A-402E-B552-DAFB9A94B0D9}"
EndProject
Project("{FAE04EC0-301F-11D3-BF4B-00C04F79EFBC}") = "WhenResponse.RestSharp", "WhenResponse.RestSharp\WhenResponse.RestSharp.csproj", "{D8C8681F-C978-47C3-A148-CEC7AD05E25B}"
EndProject
Global
	GlobalSection(SolutionConfigurationPlatforms) = preSolution
		Debug|Any CPU = Debug|Any CPU
		Release|Any CPU = Release|Any CPU
	EndGlobalSection
	GlobalSection(ProjectConfigurationPlatforms) = postSolution
		{654BC4A8-087F-4700-BE52-1FAD94C58399}.Debug|Any CPU.ActiveCfg = Debug|Any CPU
		{654BC4A8-087F-4700-BE52-1FAD94C58399}.Debug|Any CPU.Build.0 = Debug|Any CPU
		{654BC4A8-087F-4700-BE52-1FAD94C58399}.Release|Any CPU.ActiveCfg = Release|Any CPU
		{654BC4A8-087F-4700-BE52-1FAD94C58399}.Release|Any CPU.Build.0 = Release|Any CPU
		{34BB1CD5-E19A-402E-B552-DAFB9A94B0D9}.Debug|Any CPU.ActiveCfg = Debug|Any CPU
		{34BB1CD5-E19A-402E-B552-DAFB9A94B0D9}.Debug|Any CPU.Build.0 = Debug|Any CPU
		{34BB1CD5-E19A-402E-B552-DAFB9A94B0D9}.Release|Any CPU.ActiveCfg = Release|Any CPU
		{34BB1CD5-E19A-402E-B552-DAFB9A94B0D9}.Release|Any CPU.Build.0 = Release|Any CPU
		{D8C8681F-C978-47C3-A148-CEC7AD05E25B}.Debug|Any CPU.ActiveCfg = Debug|Any CPU
		{D8C8681F-C978-47C3-A148-CEC7AD05E25B}.Debug|Any CPU.Build.0 = Debug|Any CPU
		{D8C8681F-C978-47C3-A148-CEC7AD05E25B}.Release|Any CPU.ActiveCfg = Release|Any CPU
		{D8C8681F-C978-47C3-A148-CEC7AD05E25B}.Release|Any CPU.Build.0 = Release|Any CPU
	EndGlobalSection
	GlobalSection(SolutionProperties) = preSolution
		HideSolutionNode = FALSE
	EndGlobalSection
	GlobalSection(ExtensibilityGlobals) = postSolution
		SolutionGuid = {01B6FF3F-71BB-44FB-BE8A-4A4A100FD7D9}
	EndGlobalSection
EndGlobal
